// !$*UTF8*$!
{
	archiveVersion = 1;
	classes = {
	};
	objectVersion = 46;
	objects = {

/* Begin PBXBuildFile section */
		026A3DD81B31A64200329794 /* Usuario.m in Sources */ = {isa = PBXBuildFile; fileRef = 026A3DD71B31A64200329794 /* Usuario.m */; };
		02C9EDBD1B3473F2000F52A3 /* MSNCalculadora.m in Sources */ = {isa = PBXBuildFile; fileRef = 02C9EDBC1B3473F2000F52A3 /* MSNCalculadora.m */; };
		02C9EDC01B348224000F52A3 /* MSNCalculadora+MSNCalculadoraRaizCuadrada.m in Sources */ = {isa = PBXBuildFile; fileRef = 02C9EDBF1B348224000F52A3 /* MSNCalculadora+MSNCalculadoraRaizCuadrada.m */; };
		02C9EDC31B34A258000F52A3 /* MainViewController.m in Sources */ = {isa = PBXBuildFile; fileRef = 02C9EDC21B34A258000F52A3 /* MainViewController.m */; };
		02DD4EB61B356692002565CE /* MSNImages.xcassets in Resources */ = {isa = PBXBuildFile; fileRef = 02DD4EB51B356692002565CE /* MSNImages.xcassets */; };
		02E46E891B333DB900A02B8E /* MSNFriend.m in Sources */ = {isa = PBXBuildFile; fileRef = 02E46E881B333DB900A02B8E /* MSNFriend.m */; };
		02FDD3381B30A07100258B36 /* main.m in Sources */ = {isa = PBXBuildFile; fileRef = 02FDD3371B30A07100258B36 /* main.m */; };
		02FDD33B1B30A07100258B36 /* AppDelegate.m in Sources */ = {isa = PBXBuildFile; fileRef = 02FDD33A1B30A07100258B36 /* AppDelegate.m */; };
		02FDD33E1B30A07100258B36 /* ViewController.m in Sources */ = {isa = PBXBuildFile; fileRef = 02FDD33D1B30A07100258B36 /* ViewController.m */; };
		02FDD3411B30A07100258B36 /* Main.storyboard in Resources */ = {isa = PBXBuildFile; fileRef = 02FDD33F1B30A07100258B36 /* Main.storyboard */; };
		02FDD3431B30A07100258B36 /* Images.xcassets in Resources */ = {isa = PBXBuildFile; fileRef = 02FDD3421B30A07100258B36 /* Images.xcassets */; };
		02FDD3461B30A07100258B36 /* LaunchScreen.xib in Resources */ = {isa = PBXBuildFile; fileRef = 02FDD3441B30A07100258B36 /* LaunchScreen.xib */; };
		02FDD3521B30A07100258B36 /* MasterAppTests.m in Sources */ = {isa = PBXBuildFile; fileRef = 02FDD3511B30A07100258B36 /* MasterAppTests.m */; };
/* End PBXBuildFile section */

/* Begin PBXContainerItemProxy section */
		02FDD34C1B30A07100258B36 /* PBXContainerItemProxy */ = {
			isa = PBXContainerItemProxy;
			containerPortal = 02FDD32A1B30A07100258B36 /* Project object */;
			proxyType = 1;
			remoteGlobalIDString = 02FDD3311B30A07100258B36;
			remoteInfo = MasterApp;
		};
/* End PBXContainerItemProxy section */

/* Begin PBXFileReference section */
		026A3DD61B31A64200329794 /* Usuario.h */ = {isa = PBXFileReference; fileEncoding = 4; lastKnownFileType = sourcecode.c.h; path = Usuario.h; sourceTree = "<group>"; };
		026A3DD71B31A64200329794 /* Usuario.m */ = {isa = PBXFileReference; fileEncoding = 4; lastKnownFileType = sourcecode.c.objc; path = Usuario.m; sourceTree = "<group>"; };
		02C9EDBB1B3473F2000F52A3 /* MSNCalculadora.h */ = {isa = PBXFileReference; fileEncoding = 4; lastKnownFileType = sourcecode.c.h; path = MSNCalculadora.h; sourceTree = "<group>"; };
		02C9EDBC1B3473F2000F52A3 /* MSNCalculadora.m */ = {isa = PBXFileReference; fileEncoding = 4; lastKnownFileType = sourcecode.c.objc; path = MSNCalculadora.m; sourceTree = "<group>"; };
		02C9EDBE1B348224000F52A3 /* MSNCalculadora+MSNCalculadoraRaizCuadrada.h */ = {isa = PBXFileReference; fileEncoding = 4; lastKnownFileType = sourcecode.c.h; path = "MSNCalculadora+MSNCalculadoraRaizCuadrada.h"; sourceTree = "<group>"; };
		02C9EDBF1B348224000F52A3 /* MSNCalculadora+MSNCalculadoraRaizCuadrada.m */ = {isa = PBXFileReference; fileEncoding = 4; lastKnownFileType = sourcecode.c.objc; path = "MSNCalculadora+MSNCalculadoraRaizCuadrada.m"; sourceTree = "<group>"; };
		02C9EDC11B34A258000F52A3 /* MainViewController.h */ = {isa = PBXFileReference; fileEncoding = 4; lastKnownFileType = sourcecode.c.h; path = MainViewController.h; sourceTree = "<group>"; };
		02C9EDC21B34A258000F52A3 /* MainViewController.m */ = {isa = PBXFileReference; fileEncoding = 4; lastKnownFileType = sourcecode.c.objc; path = MainViewController.m; sourceTree = "<group>"; };
		02DD4EB51B356692002565CE /* MSNImages.xcassets */ = {isa = PBXFileReference; lastKnownFileType = folder.assetcatalog; name = MSNImages.xcassets; path = ../MSNImages.xcassets; sourceTree = "<group>"; };
		02E46E871B333DB900A02B8E /* MSNFriend.h */ = {isa = PBXFileReference; fileEncoding = 4; lastKnownFileType = sourcecode.c.h; path = MSNFriend.h; sourceTree = "<group>"; };
		02E46E881B333DB900A02B8E /* MSNFriend.m */ = {isa = PBXFileReference; fileEncoding = 4; lastKnownFileType = sourcecode.c.objc; path = MSNFriend.m; sourceTree = "<group>"; };
		02FDD3321B30A07100258B36 /* MasterApp.app */ = {isa = PBXFileReference; explicitFileType = wrapper.application; includeInIndex = 0; path = MasterApp.app; sourceTree = BUILT_PRODUCTS_DIR; };
		02FDD3361B30A07100258B36 /* Info.plist */ = {isa = PBXFileReference; lastKnownFileType = text.plist.xml; path = Info.plist; sourceTree = "<group>"; };
		02FDD3371B30A07100258B36 /* main.m */ = {isa = PBXFileReference; lastKnownFileType = sourcecode.c.objc; path = main.m; sourceTree = "<group>"; };
		02FDD3391B30A07100258B36 /* AppDelegate.h */ = {isa = PBXFileReference; lastKnownFileType = sourcecode.c.h; path = AppDelegate.h; sourceTree = "<group>"; };
		02FDD33A1B30A07100258B36 /* AppDelegate.m */ = {isa = PBXFileReference; lastKnownFileType = sourcecode.c.objc; path = AppDelegate.m; sourceTree = "<group>"; };
		02FDD33C1B30A07100258B36 /* ViewController.h */ = {isa = PBXFileReference; lastKnownFileType = sourcecode.c.h; path = ViewController.h; sourceTree = "<group>"; };
		02FDD33D1B30A07100258B36 /* ViewController.m */ = {isa = PBXFileReference; lastKnownFileType = sourcecode.c.objc; path = ViewController.m; sourceTree = "<group>"; };
		02FDD3401B30A07100258B36 /* Base */ = {isa = PBXFileReference; lastKnownFileType = file.storyboard; name = Base; path = Base.lproj/Main.storyboard; sourceTree = "<group>"; };
		02FDD3421B30A07100258B36 /* Images.xcassets */ = {isa = PBXFileReference; lastKnownFileType = folder.assetcatalog; path = Images.xcassets; sourceTree = "<group>"; };
		02FDD3451B30A07100258B36 /* Base */ = {isa = PBXFileReference; lastKnownFileType = file.xib; name = Base; path = Base.lproj/LaunchScreen.xib; sourceTree = "<group>"; };
		02FDD34B1B30A07100258B36 /* MasterAppTests.xctest */ = {isa = PBXFileReference; explicitFileType = wrapper.cfbundle; includeInIndex = 0; path = MasterAppTests.xctest; sourceTree = BUILT_PRODUCTS_DIR; };
		02FDD3501B30A07100258B36 /* Info.plist */ = {isa = PBXFileReference; lastKnownFileType = text.plist.xml; path = Info.plist; sourceTree = "<group>"; };
		02FDD3511B30A07100258B36 /* MasterAppTests.m */ = {isa = PBXFileReference; lastKnownFileType = sourcecode.c.objc; path = MasterAppTests.m; sourceTree = "<group>"; };
/* End PBXFileReference section */

/* Begin PBXFrameworksBuildPhase section */
		02FDD32F1B30A07100258B36 /* Frameworks */ = {
			isa = PBXFrameworksBuildPhase;
			buildActionMask = 2147483647;
			files = (
			);
			runOnlyForDeploymentPostprocessing = 0;
		};
		02FDD3481B30A07100258B36 /* Frameworks */ = {
			isa = PBXFrameworksBuildPhase;
			buildActionMask = 2147483647;
			files = (
			);
			runOnlyForDeploymentPostprocessing = 0;
		};
/* End PBXFrameworksBuildPhase section */

/* Begin PBXGroup section */
		02FDD3291B30A07100258B36 = {
			isa = PBXGroup;
			children = (
				02FDD3341B30A07100258B36 /* MasterApp */,
				02FDD34E1B30A07100258B36 /* MasterAppTests */,
				02FDD3331B30A07100258B36 /* Products */,
			);
			sourceTree = "<group>";
		};
		02FDD3331B30A07100258B36 /* Products */ = {
			isa = PBXGroup;
			children = (
				02FDD3321B30A07100258B36 /* MasterApp.app */,
				02FDD34B1B30A07100258B36 /* MasterAppTests.xctest */,
			);
			name = Products;
			sourceTree = "<group>";
		};
		02FDD3341B30A07100258B36 /* MasterApp */ = {
			isa = PBXGroup;
			children = (
				02DD4EB51B356692002565CE /* MSNImages.xcassets */,
				02FDD3391B30A07100258B36 /* AppDelegate.h */,
				02FDD33A1B30A07100258B36 /* AppDelegate.m */,
				02FDD33C1B30A07100258B36 /* ViewController.h */,
				02FDD33D1B30A07100258B36 /* ViewController.m */,
				02FDD33F1B30A07100258B36 /* Main.storyboard */,
				02FDD3421B30A07100258B36 /* Images.xcassets */,
				02FDD3441B30A07100258B36 /* LaunchScreen.xib */,
				02FDD3351B30A07100258B36 /* Supporting Files */,
				026A3DD61B31A64200329794 /* Usuario.h */,
				026A3DD71B31A64200329794 /* Usuario.m */,
				02E46E871B333DB900A02B8E /* MSNFriend.h */,
				02E46E881B333DB900A02B8E /* MSNFriend.m */,
				02C9EDBB1B3473F2000F52A3 /* MSNCalculadora.h */,
				02C9EDBC1B3473F2000F52A3 /* MSNCalculadora.m */,
				02C9EDBE1B348224000F52A3 /* MSNCalculadora+MSNCalculadoraRaizCuadrada.h */,
				02C9EDBF1B348224000F52A3 /* MSNCalculadora+MSNCalculadoraRaizCuadrada.m */,
				02C9EDC11B34A258000F52A3 /* MainViewController.h */,
				02C9EDC21B34A258000F52A3 /* MainViewController.m */,
			);
			path = MasterApp;
			sourceTree = "<group>";
		};
		02FDD3351B30A07100258B36 /* Supporting Files */ = {
			isa = PBXGroup;
			children = (
				02FDD3361B30A07100258B36 /* Info.plist */,
				02FDD3371B30A07100258B36 /* main.m */,
			);
			name = "Supporting Files";
			sourceTree = "<group>";
		};
		02FDD34E1B30A07100258B36 /* MasterAppTests */ = {
			isa = PBXGroup;
			children = (
				02FDD3511B30A07100258B36 /* MasterAppTests.m */,
				02FDD34F1B30A07100258B36 /* Supporting Files */,
			);
			path = MasterAppTests;
			sourceTree = "<group>";
		};
		02FDD34F1B30A07100258B36 /* Supporting Files */ = {
			isa = PBXGroup;
			children = (
				02FDD3501B30A07100258B36 /* Info.plist */,
			);
			name = "Supporting Files";
			sourceTree = "<group>";
		};
/* End PBXGroup section */

/* Begin PBXNativeTarget section */
		02FDD3311B30A07100258B36 /* MasterApp */ = {
			isa = PBXNativeTarget;
			buildConfigurationList = 02FDD3551B30A07100258B36 /* Build configuration list for PBXNativeTarget "MasterApp" */;
			buildPhases = (
				02FDD32E1B30A07100258B36 /* Sources */,
				02FDD32F1B30A07100258B36 /* Frameworks */,
				02FDD3301B30A07100258B36 /* Resources */,
			);
			buildRules = (
			);
			dependencies = (
			);
			name = MasterApp;
			productName = MasterApp;
			productReference = 02FDD3321B30A07100258B36 /* MasterApp.app */;
			productType = "com.apple.product-type.application";
		};
		02FDD34A1B30A07100258B36 /* MasterAppTests */ = {
			isa = PBXNativeTarget;
			buildConfigurationList = 02FDD3581B30A07100258B36 /* Build configuration list for PBXNativeTarget "MasterAppTests" */;
			buildPhases = (
				02FDD3471B30A07100258B36 /* Sources */,
				02FDD3481B30A07100258B36 /* Frameworks */,
				02FDD3491B30A07100258B36 /* Resources */,
			);
			buildRules = (
			);
			dependencies = (
				02FDD34D1B30A07100258B36 /* PBXTargetDependency */,
			);
			name = MasterAppTests;
			productName = MasterAppTests;
			productReference = 02FDD34B1B30A07100258B36 /* MasterAppTests.xctest */;
			productType = "com.apple.product-type.bundle.unit-test";
		};
/* End PBXNativeTarget section */

/* Begin PBXProject section */
		02FDD32A1B30A07100258B36 /* Project object */ = {
			isa = PBXProject;
			attributes = {
				LastUpgradeCheck = 0630;
				ORGANIZATIONNAME = "Alexis Martínez Chacón";
				TargetAttributes = {
					02FDD3311B30A07100258B36 = {
						CreatedOnToolsVersion = 6.3.2;
						DevelopmentTeam = DWZ77GEEBY;
					};
					02FDD34A1B30A07100258B36 = {
						CreatedOnToolsVersion = 6.3.2;
						TestTargetID = 02FDD3311B30A07100258B36;
					};
				};
			};
			buildConfigurationList = 02FDD32D1B30A07100258B36 /* Build configuration list for PBXProject "MasterApp" */;
			compatibilityVersion = "Xcode 3.2";
			developmentRegion = English;
			hasScannedForEncodings = 0;
			knownRegions = (
				en,
				Base,
			);
			mainGroup = 02FDD3291B30A07100258B36;
			productRefGroup = 02FDD3331B30A07100258B36 /* Products */;
			projectDirPath = "";
			projectRoot = "";
			targets = (
				02FDD3311B30A07100258B36 /* MasterApp */,
				02FDD34A1B30A07100258B36 /* MasterAppTests */,
			);
		};
/* End PBXProject section */

/* Begin PBXResourcesBuildPhase section */
		02FDD3301B30A07100258B36 /* Resources */ = {
			isa = PBXResourcesBuildPhase;
			buildActionMask = 2147483647;
			files = (
				02FDD3411B30A07100258B36 /* Main.storyboard in Resources */,
				02FDD3461B30A07100258B36 /* LaunchScreen.xib in Resources */,
				02DD4EB61B356692002565CE /* MSNImages.xcassets in Resources */,
				02FDD3431B30A07100258B36 /* Images.xcassets in Resources */,
			);
			runOnlyForDeploymentPostprocessing = 0;
		};
		02FDD3491B30A07100258B36 /* Resources */ = {
			isa = PBXResourcesBuildPhase;
			buildActionMask = 2147483647;
			files = (
			);
			runOnlyForDeploymentPostprocessing = 0;
		};
/* End PBXResourcesBuildPhase section */

/* Begin PBXSourcesBuildPhase section */
		02FDD32E1B30A07100258B36 /* Sources */ = {
			isa = PBXSourcesBuildPhase;
			buildActionMask = 2147483647;
			files = (
				026A3DD81B31A64200329794 /* Usuario.m in Sources */,
				02FDD33E1B30A07100258B36 /* ViewController.m in Sources */,
				02C9EDBD1B3473F2000F52A3 /* MSNCalculadora.m in Sources */,
				02C9EDC31B34A258000F52A3 /* MainViewController.m in Sources */,
				02E46E891B333DB900A02B8E /* MSNFriend.m in Sources */,
				02FDD33B1B30A07100258B36 /* AppDelegate.m in Sources */,
				02FDD3381B30A07100258B36 /* main.m in Sources */,
				02C9EDC01B348224000F52A3 /* MSNCalculadora+MSNCalculadoraRaizCuadrada.m in Sources */,
			);
			runOnlyForDeploymentPostprocessing = 0;
		};
		02FDD3471B30A07100258B36 /* Sources */ = {
			isa = PBXSourcesBuildPhase;
			buildActionMask = 2147483647;
			files = (
				02FDD3521B30A07100258B36 /* MasterAppTests.m in Sources */,
			);
			runOnlyForDeploymentPostprocessing = 0;
		};
/* End PBXSourcesBuildPhase section */

/* Begin PBXTargetDependency section */
		02FDD34D1B30A07100258B36 /* PBXTargetDependency */ = {
			isa = PBXTargetDependency;
			target = 02FDD3311B30A07100258B36 /* MasterApp */;
			targetProxy = 02FDD34C1B30A07100258B36 /* PBXContainerItemProxy */;
		};
/* End PBXTargetDependency section */

/* Begin PBXVariantGroup section */
		02FDD33F1B30A07100258B36 /* Main.storyboard */ = {
			isa = PBXVariantGroup;
			children = (
				02FDD3401B30A07100258B36 /* Base */,
			);
			name = Main.storyboard;
			sourceTree = "<group>";
		};
		02FDD3441B30A07100258B36 /* LaunchScreen.xib */ = {
			isa = PBXVariantGroup;
			children = (
				02FDD3451B30A07100258B36 /* Base */,
			);
			name = LaunchScreen.xib;
			sourceTree = "<group>";
		};
/* End PBXVariantGroup section */

/* Begin XCBuildConfiguration section */
		02FDD3531B30A07100258B36 /* Debug */ = {
			isa = XCBuildConfiguration;
			buildSettings = {
				ALWAYS_SEARCH_USER_PATHS = NO;
				CLANG_CXX_LANGUAGE_STANDARD = "gnu++0x";
				CLANG_CXX_LIBRARY = "libc++";
				CLANG_ENABLE_MODULES = YES;
				CLANG_ENABLE_OBJC_ARC = YES;
				CLANG_WARN_BOOL_CONVERSION = YES;
				CLANG_WARN_CONSTANT_CONVERSION = YES;
				CLANG_WARN_DIRECT_OBJC_ISA_USAGE = YES_ERROR;
				CLANG_WARN_EMPTY_BODY = YES;
				CLANG_WARN_ENUM_CONVERSION = YES;
				CLANG_WARN_INT_CONVERSION = YES;
				CLANG_WARN_OBJC_ROOT_CLASS = YES_ERROR;
				CLANG_WARN_UNREACHABLE_CODE = YES;
				CLANG_WARN__DUPLICATE_METHOD_MATCH = YES;
				"CODE_SIGN_IDENTITY[sdk=iphoneos*]" = "iPhone Developer";
				COPY_PHASE_STRIP = NO;
				DEBUG_INFORMATION_FORMAT = "dwarf-with-dsym";
				ENABLE_STRICT_OBJC_MSGSEND = YES;
				GCC_C_LANGUAGE_STANDARD = gnu99;
				GCC_DYNAMIC_NO_PIC = NO;
				GCC_NO_COMMON_BLOCKS = YES;
				GCC_OPTIMIZATION_LEVEL = 0;
				GCC_PREPROCESSOR_DEFINITIONS = (
					"DEBUG=1",
					"$(inherited)",
				);
				GCC_SYMBOLS_PRIVATE_EXTERN = NO;
				GCC_WARN_64_TO_32_BIT_CONVERSION = YES;
				GCC_WARN_ABOUT_RETURN_TYPE = YES_ERROR;
				GCC_WARN_UNDECLARED_SELECTOR = YES;
				GCC_WARN_UNINITIALIZED_AUTOS = YES_AGGRESSIVE;
				GCC_WARN_UNUSED_FUNCTION = YES;
				GCC_WARN_UNUSED_VARIABLE = YES;
				IPHONEOS_DEPLOYMENT_TARGET = 8.3;
				MTL_ENABLE_DEBUG_INFO = YES;
				ONLY_ACTIVE_ARCH = YES;
				SDKROOT = iphoneos;
			};
			name = Debug;
		};
		02FDD3541B30A07100258B36 /* Release */ = {
			isa = XCBuildConfiguration;
			buildSettings = {
				ALWAYS_SEARCH_USER_PATHS = NO;
				CLANG_CXX_LANGUAGE_STANDARD = "gnu++0x";
				CLANG_CXX_LIBRARY = "libc++";
				CLANG_ENABLE_MODULES = YES;
				CLANG_ENABLE_OBJC_ARC = YES;
				CLANG_WARN_BOOL_CONVERSION = YES;
				CLANG_WARN_CONSTANT_CONVERSION = YES;
				CLANG_WARN_DIRECT_OBJC_ISA_USAGE = YES_ERROR;
				CLANG_WARN_EMPTY_BODY = YES;
				CLANG_WARN_ENUM_CONVERSION = YES;
				CLANG_WARN_INT_CONVERSION = YES;
				CLANG_WARN_OBJC_ROOT_CLASS = YES_ERROR;
				CLANG_WARN_UNREACHABLE_CODE = YES;
				CLANG_WARN__DUPLICATE_METHOD_MATCH = YES;
				"CODE_SIGN_IDENTITY[sdk=iphoneos*]" = "iPhone Developer";
				COPY_PHASE_STRIP = NO;
				DEBUG_INFORMATION_FORMAT = "dwarf-with-dsym";
				ENABLE_NS_ASSERTIONS = NO;
				ENABLE_STRICT_OBJC_MSGSEND = YES;
				GCC_C_LANGUAGE_STANDARD = gnu99;
				GCC_NO_COMMON_BLOCKS = YES;
				GCC_WARN_64_TO_32_BIT_CONVERSION = YES;
				GCC_WARN_ABOUT_RETURN_TYPE = YES_ERROR;
				GCC_WARN_UNDECLARED_SELECTOR = YES;
				GCC_WARN_UNINITIALIZED_AUTOS = YES_AGGRESSIVE;
				GCC_WARN_UNUSED_FUNCTION = YES;
				GCC_WARN_UNUSED_VARIABLE = YES;
				IPHONEOS_DEPLOYMENT_TARGET = 8.3;
				MTL_ENABLE_DEBUG_INFO = NO;
				SDKROOT = iphoneos;
				VALIDATE_PRODUCT = YES;
			};
			name = Release;
		};
		02FDD3561B30A07100258B36 /* Debug */ = {
			isa = XCBuildConfiguration;
			buildSettings = {
				ASSETCATALOG_COMPILER_APPICON_NAME = AppIcon;
				CODE_SIGN_IDENTITY = "iPhone Developer";
				INFOPLIST_FILE = MasterApp/Info.plist;
				LD_RUNPATH_SEARCH_PATHS = "$(inherited) @executable_path/Frameworks";
				PRODUCT_NAME = "$(TARGET_NAME)";
			};
			name = Debug;
		};
		02FDD3571B30A07100258B36 /* Release */ = {
			isa = XCBuildConfiguration;
			buildSettings = {
				ASSETCATALOG_COMPILER_APPICON_NAME = AppIcon;
				CODE_SIGN_IDENTITY = "iPhone Developer";
				INFOPLIST_FILE = MasterApp/Info.plist;
				LD_RUNPATH_SEARCH_PATHS = "$(inherited) @executable_path/Frameworks";
				PRODUCT_NAME = "$(TARGET_NAME)";
			};
			name = Release;
		};
		02FDD3591B30A07100258B36 /* Debug */ = {
			isa = XCBuildConfiguration;
			buildSettings = {
				BUNDLE_LOADER = "$(TEST_HOST)";
				FRAMEWORK_SEARCH_PATHS = (
					"$(SDKROOT)/Developer/Library/Frameworks",
					"$(inherited)",
				);
				GCC_PREPROCESSOR_DEFINITIONS = (
					"DEBUG=1",
					"$(inherited)",
				);
				INFOPLIST_FILE = MasterAppTests/Info.plist;
				LD_RUNPATH_SEARCH_PATHS = "$(inherited) @executable_path/Frameworks @loader_path/Frameworks";
				PRODUCT_NAME = "$(TARGET_NAME)";
				TEST_HOST = "$(BUILT_PRODUCTS_DIR)/MasterApp.app/MasterApp";
			};
			name = Debug;
		};
		02FDD35A1B30A07100258B36 /* Release */ = {
			isa = XCBuildConfiguration;
			buildSettings = {
				BUNDLE_LOADER = "$(TEST_HOST)";
				FRAMEWORK_SEARCH_PATHS = (
					"$(SDKROOT)/Developer/Library/Frameworks",
					"$(inherited)",
				);
				INFOPLIST_FILE = MasterAppTests/Info.plist;
				LD_RUNPATH_SEARCH_PATHS = "$(inherited) @executable_path/Frameworks @loader_path/Frameworks";
				PRODUCT_NAME = "$(TARGET_NAME)";
				TEST_HOST = "$(BUILT_PRODUCTS_DIR)/MasterApp.app/MasterApp";
			};
			name = Release;
		};
/* End XCBuildConfiguration section */

/* Begin XCConfigurationList section */
		02FDD32D1B30A07100258B36 /* Build configuration list for PBXProject "MasterApp" */ = {
			isa = XCConfigurationList;
			buildConfigurations = (
				02FDD3531B30A07100258B36 /* Debug */,
				02FDD3541B30A07100258B36 /* Release */,
			);
			defaultConfigurationIsVisible = 0;
			defaultConfigurationName = Release;
		};
		02FDD3551B30A07100258B36 /* Build configuration list for PBXNativeTarget "MasterApp" */ = {
			isa = XCConfigurationList;
			buildConfigurations = (
				02FDD3561B30A07100258B36 /* Debug */,
				02FDD3571B30A07100258B36 /* Release */,
			);
			defaultConfigurationIsVisible = 0;
			defaultConfigurationName = Release;
		};
		02FDD3581B30A07100258B36 /* Build configuration list for PBXNativeTarget "MasterAppTests" */ = {
			isa = XCConfigurationList;
			buildConfigurations = (
				02FDD3591B30A07100258B36 /* Debug */,
				02FDD35A1B30A07100258B36 /* Release */,
			);
			defaultConfigurationIsVisible = 0;
			defaultConfigurationName = Release;
		};
/* End XCConfigurationList section */
	};
	rootObject = 02FDD32A1B30A07100258B36 /* Project object */;
}
